
Microsoft Visual Studio Solution File, Format Version 11.00
# Visual Studio 2010
Project("{FAE04EC0-301F-11D3-BF4B-00C04F79EFBC}") = "串口测试程序", "串口测试程序\串口测试程序.csproj", "{4F60A21A-38DA-4239-9A50-1999B0B63BC2}"
EndProject
Global
	GlobalSection(SolutionConfigurationPlatforms) = preSolution
		Debug|x86 = Debug|x86
		Release|x86 = Release|x86
	EndGlobalSection
	GlobalSection(ProjectConfigurationPlatforms) = postSolution
		{4F60A21A-38DA-4239-9A50-1999B0B63BC2}.Debug|x86.ActiveCfg = Debug|x86
		{4F60A21A-38DA-4239-9A50-1999B0B63BC2}.Debug|x86.Build.0 = Debug|x86
		{4F60A21A-38DA-4239-9A50-1999B0B63BC2}.Release|x86.ActiveCfg = Release|x86
		{4F60A21A-38DA-4239-9A50-1999B0B63BC2}.Release|x86.Build.0 = Release|x86
	EndGlobalSection
	GlobalSection(SolutionProperties) = preSolution
		HideSolutionNode = FALSE
	EndGlobalSection
EndGlobal
